hash: ba55bbd2fd97e9d9e4bb0b8b1d14fafa95833ff6baf1c48f0e560e6d601a4b69
updated: 2017-06-05T18:43:30.595463291+01:00
imports:
- name: github.com/alexbrainman/winapi
  version: c959b37223f62e4581a4a58da7816cf962aeb906
- name: golang.org/x/sys
  version: e24f485414aeafb646f6fca458b0bf869c0880a1
  subpackages:
  - unix
  - windows
testImports: []
