hash: d84eadc8ea2cc567ba3642fe99a78443403074e601fb42d51f6ee5864e11d3d9
updated: 2017-06-03T14:34:03.536128893+01:00
imports:
- name: github.com/alexbrainman/winapi
  version: c959b37223f62e4581a4a58da7816cf962aeb906
- name: golang.org/x/sys
  version: d75a52659825e75fff6158388dddc6a5b04f9ba5
  subpackages:
  - unix
  - windows
testImports: []
