# This file is autogenerated, do not edit; changes may be undone by the next 'dep ensure'.


[[projects]]
  branch = "master"
  name = "golang.org/x/crypto"
  packages = [
    "blake2b",
    "internal/subtle",
    "nacl/secretbox",
    "poly1305",
    "salsa20/salsa"
  ]
  revision = "027cca12c2d63e3d62b670d901e8a2c95854feec"

[[projects]]
  branch = "master"
  name = "golang.org/x/sys"
  packages = [
    "cpu",
    "unix",
    "windows"
  ]
  revision = "6c888cc515d3ed83fc103cf1d84468aad274b0a7"

[solve-meta]
  analyzer-name = "dep"
  analyzer-version = 1
  inputs-digest = "6a0b1d8a0ae98578236c04df05d26b379f82aff3240d49569293cba106201655"
  solver-name = "gps-cdcl"
  solver-version = 1
